<?xml version="1.0" encoding="utf-8"?>
<Project ToolsVersion="4.0" xmlns="http://schemas.microsoft.com/developer/msbuild/2003">
  <ItemGroup>
    <Filter Include="Исходные файлы">
      <UniqueIdentifier>{4FC737F1-C7A5-4376-A066-2A32D752A2FF}</UniqueIdentifier>
      <Extensions>cpp;c;cc;cxx;c++;cppm;ixx;def;odl;idl;hpj;bat;asm;asmx</Extensions>
    </Filter>
    <Filter Include="Файлы заголовков">
      <UniqueIdentifier>{93995380-89BD-4b04-88EB-625FBE52EBFB}</UniqueIdentifier>
      <Extensions>h;hh;hpp;hxx;h++;hm;inl;inc;ipp;xsd</Extensions>
    </Filter>
    <Filter Include="Файлы ресурсов">
      <UniqueIdentifier>{67DA6AB6-F800-4c08-8B7A-83BB121AAD01}</UniqueIdentifier>
      <Extensions>rc;ico;cur;bmp;dlg;rc2;rct;bin;rgs;gif;jpg;jpeg;jpe;resx;tiff;tif;png;wav;mfcribbon-ms</Extensions>
    </Filter>
    <Filter Include="Исходные файлы\Window">
      <UniqueIdentifier>{ea3334ca-84eb-4058-b2c0-716ad16adc7d}</UniqueIdentifier>
    </Filter>
    <Filter Include="Исходные файлы\Game">
      <UniqueIdentifier>{0dfaaac4-b4c7-44bc-ac2b-25195bda138c}</UniqueIdentifier>
    </Filter>
    <Filter Include="Исходные файлы\Graphics">
      <UniqueIdentifier>{4f33fd77-b09a-4407-8eff-a1ab23809fdf}</UniqueIdentifier>
    </Filter>
    <Filter Include="Исходные файлы\Graphics\Shaders">
      <UniqueIdentifier>{e81531a9-bbb4-4380-8aea-8ca4f3941856}</UniqueIdentifier>
    </Filter>
    <Filter Include="Исходные файлы\Graphics\Components">
      <UniqueIdentifier>{205ce7ec-5fe6-4ac1-8694-ce618f2eb94e}</UniqueIdentifier>
    </Filter>
  </ItemGroup>
  <ItemGroup>
    <ClCompile Include="main.cpp">
      <Filter>Файлы ресурсов</Filter>
    </ClCompile>
    <ClCompile Include="Window\window.cpp">
      <Filter>Исходные файлы\Window</Filter>
    </ClCompile>
    <ClCompile Include="Graphics\Shaders\shader.cpp">
      <Filter>Исходные файлы\Graphics\Shaders</Filter>
    </ClCompile>
    <ClCompile Include="Graphics\engine.cpp">
      <Filter>Исходные файлы\Graphics</Filter>
    </ClCompile>
    <ClCompile Include="Game\game.cpp">
      <Filter>Исходные файлы\Game</Filter>
    </ClCompile>
    <ClCompile Include="Graphics\Components\component.cpp">
      <Filter>Исходные файлы\Graphics\Components</Filter>
    </ClCompile>
  </ItemGroup>
  <ItemGroup>
    <ClInclude Include="error.h">
      <Filter>Файлы заголовков</Filter>
    </ClInclude>
    <ClInclude Include="Window\window.h">
      <Filter>Исходные файлы\Window</Filter>
    </ClInclude>
    <ClInclude Include="Graphics\Shaders\shader.h">
      <Filter>Исходные файлы\Graphics\Shaders</Filter>
    </ClInclude>
    <ClInclude Include="Graphics\Shaders\vertex.h">
      <Filter>Исходные файлы\Graphics\Shaders</Filter>
    </ClInclude>
    <ClInclude Include="Graphics\engine.h">
      <Filter>Исходные файлы\Graphics</Filter>
    </ClInclude>
    <ClInclude Include="Game\game.h">
      <Filter>Исходные файлы\Game</Filter>
    </ClInclude>
    <ClInclude Include="Graphics\Components\component.h">
      <Filter>Исходные файлы\Graphics\Components</Filter>
    </ClInclude>
    <ClInclude Include="Graphics\timer.h">
      <Filter>Исходные файлы\Graphics</Filter>
    </ClInclude>
  </ItemGroup>
  <ItemGroup>
    <FxCompile Include="Graphics\Shaders\pixelshader.hlsl">
      <Filter>Исходные файлы\Graphics\Shaders</Filter>
    </FxCompile>
    <FxCompile Include="Graphics\Shaders\vertexshader.hlsl">
      <Filter>Исходные файлы\Graphics\Shaders</Filter>
    </FxCompile>
  </ItemGroup>
</Project>